{"1.2.0",
[{<<"bitmap">>,
  {git,"https://gitlab.com/barrel-db/bitmap.git",
       {ref,"258469168c9c61f884ef37c99ce44dab49678901"}},
  0},
 {<<"certifi">>,{pkg,<<"certifi">>,<<"2.16.0">>},1},
 {<<"cf">>,{pkg,<<"cf">>,<<"0.2.2">>},1},
 {<<"cowboy">>,{pkg,<<"cowboy">>,<<"2.12.0">>},0},
 {<<"cowlib">>,{pkg,<<"cowlib">>,<<"2.13.0">>},1},
 {<<"hackney">>,{pkg,<<"hackney">>,<<"3.2.1">>},0},
 {<<"hlc">>,
  {git,"https://gitlab.com/barrel-db/hlc.git",
       {ref,"fc5212a6c73caf428876c763ce84338685d2d564"}},
  0},
 {<<"idna">>,{pkg,<<"idna">>,<<"7.1.0">>},1},
 {<<"jose">>,{pkg,<<"jose">>,<<"1.11.10">>},0},
 {<<"match_trie">>,
  {git,"https://gitlab.com/barrel-db/match_trie.git",
       {ref,"d2ea1c68eefbbb2248ef3b1ad80a847c70a7d2dc"}},
  0},
 {<<"mimerl">>,{pkg,<<"mimerl">>,<<"1.3.0">>},0},
 {<<"parse_trans">>,{pkg,<<"parse_trans">>,<<"3.4.1">>},1},
 {<<"prometheus">>,{pkg,<<"prometheus">>,<<"4.11.0">>},0},
 {<<"quantile_estimator">>,{pkg,<<"quantile_estimator">>,<<"0.2.1">>},1},
 {<<"quic">>,{pkg,<<"quic">>,<<"0.10.2">>},1},
 {<<"ranch">>,{pkg,<<"ranch">>,<<"1.8.0">>},1},
 {<<"rocksdb">>,{pkg,<<"rocksdb">>,<<"2.5.0">>},0},
 {<<"ssl_verify_fun">>,{pkg,<<"ssl_verify_fun">>,<<"1.1.7">>},1}]}.
[
{pkg_hash,[
 {<<"certifi">>, <<"A4EDFC1D2DA3424D478A3271133BF28E0EC5E6FD8C009AAB5A4AE980CB165CE9">>},
 {<<"cf">>, <<"7F2913FFF90ABCABD0F489896CFEB0B0674F6C8DF6C10B17A83175448029896C">>},
 {<<"cowboy">>, <<"F276D521A1FF88B2B9B4C54D0E753DA6C66DD7BE6C9FCA3D9418B561828A3731">>},
 {<<"cowlib">>, <<"DB8F7505D8332D98EF50A3EF34B34C1AFDDEC7506E4EE4DD4A3A266285D282CA">>},
 {<<"hackney">>, <<"600FBA0D2A5D6B20F2BC2AA90A3F3E082F18CAC50D648CDE3BDEF501A36A5090">>},
 {<<"idna">>, <<"1067A13043538129602D2F2CE6899D8713125C7D19734AA557CE2E3EA55BD4F1">>},
 {<<"jose">>, <<"A903F5227417BD2A08C8A00A0CBCC458118BE84480955E8D251297A425723F83">>},
 {<<"mimerl">>, <<"D0CD9FC04B9061F82490F6581E0128379830E78535E017F7780F37FEA7545726">>},
 {<<"parse_trans">>, <<"6E6AA8167CB44CC8F39441D05193BE6E6F4E7C2946CB2759F015F8C56B76E5FF">>},
 {<<"prometheus">>, <<"B95F8DE8530F541BD95951E18E355A840003672E5EDA4788C5FA6183406BA29A">>},
 {<<"quantile_estimator">>, <<"EF50A361F11B5F26B5F16D0696E46A9E4661756492C981F7B2229EF42FF1CD15">>},
 {<<"quic">>, <<"4B390507A85F65CE47808F3DF1A864E0BAF9ADB7A1B4EA9F4DCD66FE9D0CB166">>},
 {<<"ranch">>, <<"8C7A100A139FD57F17327B6413E4167AC559FBC04CA7448E9BE9057311597A1D">>},
 {<<"rocksdb">>, <<"955B15AF1D9A23545C7F72A848D0B45B8C6E32202C036BBE85F8AF54987546D3">>},
 {<<"ssl_verify_fun">>, <<"354C321CF377240C7B8716899E182CE4890C5938111A1296ADD3EC74CF1715DF">>}]},
{pkg_hash_ext,[
 {<<"certifi">>, <<"8A64F6669D85E9CC0E5086FCF29A5B13DE57A13EFA23D3582874B9A19303F184">>},
 {<<"cf">>, <<"48283B3019BC7FAD56E7B23028A5DA4D3E6CD598A553AB2A99A2153BF5F19B21">>},
 {<<"cowboy">>, <<"8A7ABE6D183372CEB21CAA2709BEC928AB2B72E18A3911AA1771639BEF82651E">>},
 {<<"cowlib">>, <<"E1E1284DC3FC030A64B1AD0D8382AE7E99DA46C3246B815318A4B848873800A4">>},
 {<<"hackney">>, <<"1D9260C31B7C910B63E6B3929D296F18BA3D8217EF01800989AFCFCC77776AFE">>},
 {<<"idna">>, <<"6AE959A025BF36DF61A8CAB8508D9654891B5426A84C44D82DEAFFD6DDF8C71F">>},
 {<<"jose">>, <<"0D6CD36FF8BA174DB29148FC112B5842186B68A90CE9FC2B3EC3AFE76593E614">>},
 {<<"mimerl">>, <<"A1E15A50D1887217DE95F0B9B0793E32853F7C258A5CD227650889B38839FE9D">>},
 {<<"parse_trans">>, <<"620A406CE75DADA827B82E453C19CF06776BE266F5A67CFF34E1EF2CBB60E49A">>},
 {<<"prometheus">>, <<"719862351AABF4DF7079B05DC085D2BBCBE3AC0AC3009E956671B1D5AB88247D">>},
 {<<"quantile_estimator">>, <<"282A8A323CA2A845C9E6F787D166348F776C1D4A41EDE63046D72D422E3DA946">>},
 {<<"quic">>, <<"7C196A66973C877A59768A5687F0A0610FF11817254D0A4E45CC4E3A16B1D00B">>},
 {<<"ranch">>, <<"49FBCFD3682FAB1F5D109351B61257676DA1A2FDBE295904176D5E521A2DDFE5">>},
 {<<"rocksdb">>, <<"C3998F61C4077DCD0D1B24B67469279209DAC7A1E9BA2CF6215DDFA331015803">>},
 {<<"ssl_verify_fun">>, <<"FE4C190E8F37401D30167C8C405EDA19469F34577987C76DDE613E838BBC67F8">>}]}
].
