{"1.2.0",
[{<<"barrel_mcp">>,{pkg,<<"barrel_mcp">>,<<"2.1.0">>},1},
 {<<"certifi">>,{pkg,<<"certifi">>,<<"2.16.0">>},2},
 {<<"h1">>,{pkg,<<"erlang_h1">>,<<"0.4.0">>},1},
 {<<"h2">>,{pkg,<<"h2">>,<<"0.8.0">>},1},
 {<<"hackney">>,{pkg,<<"hackney">>,<<"3.2.1">>},1},
 {<<"hlc">>,{pkg,<<"hlc">>,<<"3.0.4">>},0},
 {<<"idna">>,{pkg,<<"idna">>,<<"7.1.0">>},2},
 {<<"instrument">>,{pkg,<<"instrument">>,<<"1.1.3">>},0},
 {<<"livery">>,{pkg,<<"livery">>,<<"0.2.0">>},0},
 {<<"match_trie">>,{pkg,<<"match_trie">>,<<"1.0.0">>},0},
 {<<"mimerl">>,{pkg,<<"mimerl">>,<<"1.5.0">>},0},
 {<<"parse_trans">>,{pkg,<<"parse_trans">>,<<"3.4.1">>},2},
 {<<"quic">>,{pkg,<<"quic">>,<<"1.6.3">>},1},
 {<<"rocksdb">>,{pkg,<<"rocksdb">>,<<"2.6.2">>},0},
 {<<"ssl_verify_fun">>,{pkg,<<"ssl_verify_fun">>,<<"1.1.7">>},2},
 {<<"webtransport">>,{pkg,<<"webtransport">>,<<"0.3.1">>},1},
 {<<"ws">>,{pkg,<<"erlang_ws">>,<<"0.3.0">>},1}]}.
[
{pkg_hash,[
 {<<"barrel_mcp">>, <<"A16F45223DA8703205A5C5DEBA447A7757920858956CC2565071EF08AC331741">>},
 {<<"certifi">>, <<"A4EDFC1D2DA3424D478A3271133BF28E0EC5E6FD8C009AAB5A4AE980CB165CE9">>},
 {<<"h1">>, <<"5D3442D9827510176DA6A5683BC3017BF13809B0858228ED851434122E6F10CF">>},
 {<<"h2">>, <<"4A363C4F42B99B30658FCD9601ACFB1C424B0215160EA536E2BC2A6965238B6E">>},
 {<<"hackney">>, <<"600FBA0D2A5D6B20F2BC2AA90A3F3E082F18CAC50D648CDE3BDEF501A36A5090">>},
 {<<"hlc">>, <<"0905B1E9CDC6E3920C9126C2E17BF126306F72140B1FE7CF301AD89921E855AA">>},
 {<<"idna">>, <<"1067A13043538129602D2F2CE6899D8713125C7D19734AA557CE2E3EA55BD4F1">>},
 {<<"instrument">>, <<"2B2E25672E7F24B31AC5FA64B21D00490B8EE96F5365B73E7904470517CB78DC">>},
 {<<"livery">>, <<"621BDFAC951CE44DC619652E6AD019C88F6AE6B0DB30EA70E413CD37C583C486">>},
 {<<"match_trie">>, <<"993A2AC8C0B796BC40D6D99E92F9194FAA9C8BCDE3D0BB199148BA595F2F9D96">>},
 {<<"mimerl">>, <<"F35ACA6F23242339B3666E0AC0702379E362B469D0AEA167F6CC713547E777ED">>},
 {<<"parse_trans">>, <<"6E6AA8167CB44CC8F39441D05193BE6E6F4E7C2946CB2759F015F8C56B76E5FF">>},
 {<<"quic">>, <<"A1CD2133A543FF4EF66F524792D33DA437F2153ADE8FA34311C9E8CF33021F6D">>},
 {<<"rocksdb">>, <<"D73F0653596B458D13B97CCCFA2F89E6E23F5C8C4E23C1D84B81826C33E24EC4">>},
 {<<"ssl_verify_fun">>, <<"354C321CF377240C7B8716899E182CE4890C5938111A1296ADD3EC74CF1715DF">>},
 {<<"webtransport">>, <<"FBC0633D7CA0B5C56496F6409C4E2CC7D1995E45F0D2422AFA19295CD5048503">>},
 {<<"ws">>, <<"6778E82A478FF6D205C14E5F17883447CF8BF4919E2C4F811FE3BE263635E37D">>}]},
{pkg_hash_ext,[
 {<<"barrel_mcp">>, <<"98BD24488D51F54659DA92D30251214CBF1B62A8F857506EE6838593A041BCED">>},
 {<<"certifi">>, <<"8A64F6669D85E9CC0E5086FCF29A5B13DE57A13EFA23D3582874B9A19303F184">>},
 {<<"h1">>, <<"EEC4C51E0B1253AB8F85EE74F1D9911728EC41E7F8ACFE7E0480D7201179D4F6">>},
 {<<"h2">>, <<"E4BF55231FB3E334E10C4D052D18DBB168CC757082929F0AFA2795A14C78203A">>},
 {<<"hackney">>, <<"1D9260C31B7C910B63E6B3929D296F18BA3D8217EF01800989AFCFCC77776AFE">>},
 {<<"hlc">>, <<"95FF6DE5897D2E7CDCFF44F6137702B7B34BA4271910B5A0E504A607E547387B">>},
 {<<"idna">>, <<"6AE959A025BF36DF61A8CAB8508D9654891B5426A84C44D82DEAFFD6DDF8C71F">>},
 {<<"instrument">>, <<"2CEB6D54E9AD2705B843FA203D74027C23518F6CAC2499746A8792D0BD5513DA">>},
 {<<"livery">>, <<"A07E17A6758D7938CD3CC3F829F15DD2BCE20ECD772BC9E2E49A28D027AFC6B7">>},
 {<<"match_trie">>, <<"6A679D5BDF1CC0F1B77A0A62508D6846E69AD90467843EE1B1E4DD655ED73CAD">>},
 {<<"mimerl">>, <<"DB648CE065BAE14EA84CA8B5DD123F42F49417CEF693541110BF6F9E9BE9ECC4">>},
 {<<"parse_trans">>, <<"620A406CE75DADA827B82E453C19CF06776BE266F5A67CFF34E1EF2CBB60E49A">>},
 {<<"quic">>, <<"CE2E76BFB171AD558570D2C40532142DCCFA3708ED03208DA8FD1E3433627E0C">>},
 {<<"rocksdb">>, <<"B4E440BC9EB4C10ADD69FB0093E55F025E06A0E4677FA6412FFB72889A9FC8FA">>},
 {<<"ssl_verify_fun">>, <<"FE4C190E8F37401D30167C8C405EDA19469F34577987C76DDE613E838BBC67F8">>},
 {<<"webtransport">>, <<"EC53DA45538E676370E38621D91DE403C56DA946F93FF08F326404864A18E800">>},
 {<<"ws">>, <<"4F6FA9DFBDB49D27B6407F7ED5EA34F09499892079A9E5BED7389E352FFC80C5">>}]}
].
