{"1.2.0",
[{<<"certifi">>,{pkg,<<"certifi">>,<<"2.16.0">>},1},
 {<<"cowboy">>,{pkg,<<"cowboy">>,<<"2.12.0">>},0},
 {<<"cowlib">>,{pkg,<<"cowlib">>,<<"2.13.0">>},1},
 {<<"hackney">>,{pkg,<<"hackney">>,<<"3.2.1">>},0},
 {<<"hlc">>,{pkg,<<"hlc">>,<<"3.0.4">>},0},
 {<<"idna">>,{pkg,<<"idna">>,<<"7.1.0">>},1},
 {<<"instrument">>,
  {git,"https://github.com/benoitc/instrument.git",
       {ref,"74ef0ea36685d9b95abcbd60dcd34aac583b1b1e"}},
  0},
 {<<"jose">>,{pkg,<<"jose">>,<<"1.11.10">>},0},
 {<<"match_trie">>,{pkg,<<"match_trie">>,<<"1.0.0">>},0},
 {<<"mimerl">>,{pkg,<<"mimerl">>,<<"1.5.0">>},0},
 {<<"parse_trans">>,{pkg,<<"parse_trans">>,<<"3.4.1">>},1},
 {<<"quic">>,{pkg,<<"quic">>,<<"0.10.2">>},1},
 {<<"ranch">>,{pkg,<<"ranch">>,<<"1.8.0">>},1},
 {<<"rocksdb">>,{pkg,<<"rocksdb">>,<<"2.6.2">>},0},
 {<<"ssl_verify_fun">>,{pkg,<<"ssl_verify_fun">>,<<"1.1.7">>},1}]}.
[
{pkg_hash,[
 {<<"certifi">>, <<"A4EDFC1D2DA3424D478A3271133BF28E0EC5E6FD8C009AAB5A4AE980CB165CE9">>},
 {<<"cowboy">>, <<"F276D521A1FF88B2B9B4C54D0E753DA6C66DD7BE6C9FCA3D9418B561828A3731">>},
 {<<"cowlib">>, <<"DB8F7505D8332D98EF50A3EF34B34C1AFDDEC7506E4EE4DD4A3A266285D282CA">>},
 {<<"hackney">>, <<"600FBA0D2A5D6B20F2BC2AA90A3F3E082F18CAC50D648CDE3BDEF501A36A5090">>},
 {<<"hlc">>, <<"0905B1E9CDC6E3920C9126C2E17BF126306F72140B1FE7CF301AD89921E855AA">>},
 {<<"idna">>, <<"1067A13043538129602D2F2CE6899D8713125C7D19734AA557CE2E3EA55BD4F1">>},
 {<<"jose">>, <<"A903F5227417BD2A08C8A00A0CBCC458118BE84480955E8D251297A425723F83">>},
 {<<"match_trie">>, <<"993A2AC8C0B796BC40D6D99E92F9194FAA9C8BCDE3D0BB199148BA595F2F9D96">>},
 {<<"mimerl">>, <<"F35ACA6F23242339B3666E0AC0702379E362B469D0AEA167F6CC713547E777ED">>},
 {<<"parse_trans">>, <<"6E6AA8167CB44CC8F39441D05193BE6E6F4E7C2946CB2759F015F8C56B76E5FF">>},
 {<<"quic">>, <<"4B390507A85F65CE47808F3DF1A864E0BAF9ADB7A1B4EA9F4DCD66FE9D0CB166">>},
 {<<"ranch">>, <<"8C7A100A139FD57F17327B6413E4167AC559FBC04CA7448E9BE9057311597A1D">>},
 {<<"rocksdb">>, <<"D73F0653596B458D13B97CCCFA2F89E6E23F5C8C4E23C1D84B81826C33E24EC4">>},
 {<<"ssl_verify_fun">>, <<"354C321CF377240C7B8716899E182CE4890C5938111A1296ADD3EC74CF1715DF">>}]},
{pkg_hash_ext,[
 {<<"certifi">>, <<"8A64F6669D85E9CC0E5086FCF29A5B13DE57A13EFA23D3582874B9A19303F184">>},
 {<<"cowboy">>, <<"8A7ABE6D183372CEB21CAA2709BEC928AB2B72E18A3911AA1771639BEF82651E">>},
 {<<"cowlib">>, <<"E1E1284DC3FC030A64B1AD0D8382AE7E99DA46C3246B815318A4B848873800A4">>},
 {<<"hackney">>, <<"1D9260C31B7C910B63E6B3929D296F18BA3D8217EF01800989AFCFCC77776AFE">>},
 {<<"hlc">>, <<"95FF6DE5897D2E7CDCFF44F6137702B7B34BA4271910B5A0E504A607E547387B">>},
 {<<"idna">>, <<"6AE959A025BF36DF61A8CAB8508D9654891B5426A84C44D82DEAFFD6DDF8C71F">>},
 {<<"jose">>, <<"0D6CD36FF8BA174DB29148FC112B5842186B68A90CE9FC2B3EC3AFE76593E614">>},
 {<<"match_trie">>, <<"6A679D5BDF1CC0F1B77A0A62508D6846E69AD90467843EE1B1E4DD655ED73CAD">>},
 {<<"mimerl">>, <<"DB648CE065BAE14EA84CA8B5DD123F42F49417CEF693541110BF6F9E9BE9ECC4">>},
 {<<"parse_trans">>, <<"620A406CE75DADA827B82E453C19CF06776BE266F5A67CFF34E1EF2CBB60E49A">>},
 {<<"quic">>, <<"7C196A66973C877A59768A5687F0A0610FF11817254D0A4E45CC4E3A16B1D00B">>},
 {<<"ranch">>, <<"49FBCFD3682FAB1F5D109351B61257676DA1A2FDBE295904176D5E521A2DDFE5">>},
 {<<"rocksdb">>, <<"B4E440BC9EB4C10ADD69FB0093E55F025E06A0E4677FA6412FFB72889A9FC8FA">>},
 {<<"ssl_verify_fun">>, <<"FE4C190E8F37401D30167C8C405EDA19469F34577987C76DDE613E838BBC67F8">>}]}
].
